
Microsoft Visual Studio Solution File, Format Version 12.00
# Visual Studio Version 16
VisualStudioVersion = 16.0.31205.134
MinimumVisualStudioVersion = 10.0.40219.1
Project("{FAE04EC0-301F-11D3-BF4B-00C04F79EFBC}") = "OrderWinforms", "OrderWinforms\OrderWinforms.csproj", "{24E60313-75C2-4CB4-A396-798905F09481}"
EndProject
Global
	GlobalSection(SolutionConfigurationPlatforms) = preSolution
		Debug|Any CPU = Debug|Any CPU
		Release|Any CPU = Release|Any CPU
	EndGlobalSection
	GlobalSection(ProjectConfigurationPlatforms) = postSolution
		{24E60313-75C2-4CB4-A396-798905F09481}.Debug|Any CPU.ActiveCfg = Debug|Any CPU
		{24E60313-75C2-4CB4-A396-798905F09481}.Debug|Any CPU.Build.0 = Debug|Any CPU
		{24E60313-75C2-4CB4-A396-798905F09481}.Release|Any CPU.ActiveCfg = Release|Any CPU
		{24E60313-75C2-4CB4-A396-798905F09481}.Release|Any CPU.Build.0 = Release|Any CPU
	EndGlobalSection
	GlobalSection(SolutionProperties) = preSolution
		HideSolutionNode = FALSE
	EndGlobalSection
	GlobalSection(ExtensibilityGlobals) = postSolution
		SolutionGuid = {846270EF-9D24-4B33-A014-4E32D2250B01}
	EndGlobalSection
EndGlobal
